
Microsoft Visual Studio Solution File, Format Version 12.00
# Visual Studio Version 17
VisualStudioVersion = 17.0.32112.339
MinimumVisualStudioVersion = 10.0.40219.1
Project("{9A19103F-16F7-4668-BE54-9A1E7A4F7556}") = "DataAccess", "DataAccess\DataAccess.csproj", "{FC8EDE25-4E29-4D80-94C6-3DFF6A101D01}"
EndProject
Project("{9A19103F-16F7-4668-BE54-9A1E7A4F7556}") = "Business", "Business\Business.csproj", "{F3DBC4E4-B856-4F58-B96D-9BA0F5F90C7C}"
EndProject
Project("{9A19103F-16F7-4668-BE54-9A1E7A4F7556}") = "Entities", "Entities\Entities.csproj", "{ACB441D4-4CD2-4C2D-96E8-536B9D264403}"
EndProject
Project("{9A19103F-16F7-4668-BE54-9A1E7A4F7556}") = "ConsoleTestUI", "ConsoleTestUI\ConsoleTestUI.csproj", "{2495E5F7-0165-464F-8181-6F2EA08945E5}"
EndProject
Project("{FAE04EC0-301F-11D3-BF4B-00C04F79EFBC}") = "ChampionsLeagueSimUI", "ChampionsLeagueSimUI\ChampionsLeagueSimUI.csproj", "{63B809CB-AF70-4CAE-A4D4-A65813D9CB4B}"
EndProject
Global
	GlobalSection(SolutionConfigurationPlatforms) = preSolution
		Debug|Any CPU = Debug|Any CPU
		Release|Any CPU = Release|Any CPU
	EndGlobalSection
	GlobalSection(ProjectConfigurationPlatforms) = postSolution
		{FC8EDE25-4E29-4D80-94C6-3DFF6A101D01}.Debug|Any CPU.ActiveCfg = Debug|Any CPU
		{FC8EDE25-4E29-4D80-94C6-3DFF6A101D01}.Debug|Any CPU.Build.0 = Debug|Any CPU
		{FC8EDE25-4E29-4D80-94C6-3DFF6A101D01}.Release|Any CPU.ActiveCfg = Release|Any CPU
		{FC8EDE25-4E29-4D80-94C6-3DFF6A101D01}.Release|Any CPU.Build.0 = Release|Any CPU
		{F3DBC4E4-B856-4F58-B96D-9BA0F5F90C7C}.Debug|Any CPU.ActiveCfg = Debug|Any CPU
		{F3DBC4E4-B856-4F58-B96D-9BA0F5F90C7C}.Debug|Any CPU.Build.0 = Debug|Any CPU
		{F3DBC4E4-B856-4F58-B96D-9BA0F5F90C7C}.Release|Any CPU.ActiveCfg = Release|Any CPU
		{F3DBC4E4-B856-4F58-B96D-9BA0F5F90C7C}.Release|Any CPU.Build.0 = Release|Any CPU
		{ACB441D4-4CD2-4C2D-96E8-536B9D264403}.Debug|Any CPU.ActiveCfg = Debug|Any CPU
		{ACB441D4-4CD2-4C2D-96E8-536B9D264403}.Debug|Any CPU.Build.0 = Debug|Any CPU
		{ACB441D4-4CD2-4C2D-96E8-536B9D264403}.Release|Any CPU.ActiveCfg = Release|Any CPU
		{ACB441D4-4CD2-4C2D-96E8-536B9D264403}.Release|Any CPU.Build.0 = Release|Any CPU
		{2495E5F7-0165-464F-8181-6F2EA08945E5}.Debug|Any CPU.ActiveCfg = Debug|Any CPU
		{2495E5F7-0165-464F-8181-6F2EA08945E5}.Debug|Any CPU.Build.0 = Debug|Any CPU
		{2495E5F7-0165-464F-8181-6F2EA08945E5}.Release|Any CPU.ActiveCfg = Release|Any CPU
		{2495E5F7-0165-464F-8181-6F2EA08945E5}.Release|Any CPU.Build.0 = Release|Any CPU
		{63B809CB-AF70-4CAE-A4D4-A65813D9CB4B}.Debug|Any CPU.ActiveCfg = Debug|Any CPU
		{63B809CB-AF70-4CAE-A4D4-A65813D9CB4B}.Debug|Any CPU.Build.0 = Debug|Any CPU
		{63B809CB-AF70-4CAE-A4D4-A65813D9CB4B}.Release|Any CPU.ActiveCfg = Release|Any CPU
		{63B809CB-AF70-4CAE-A4D4-A65813D9CB4B}.Release|Any CPU.Build.0 = Release|Any CPU
	EndGlobalSection
	GlobalSection(SolutionProperties) = preSolution
		HideSolutionNode = FALSE
	EndGlobalSection
	GlobalSection(ExtensibilityGlobals) = postSolution
		SolutionGuid = {2A31037F-15C0-494A-AC77-970526776C8B}
	EndGlobalSection
EndGlobal
